// !$*UTF8*$!
{
	archiveVersion = 1;
	classes = {
	};
	objectVersion = 47;
	objects = {

/* Begin PBXBuildFile section */
		498683361BE405D6001DCBC7 /* AppDelegate.swift in Sources */ = {isa = PBXBuildFile; fileRef = 498683311BE405D6001DCBC7 /* AppDelegate.swift */; };
		498683381BE405D6001DCBC7 /* LaunchScreen.storyboard in Resources */ = {isa = PBXBuildFile; fileRef = 498683331BE405D6001DCBC7 /* LaunchScreen.storyboard */; };
		70C0DB1B461E0A264A40EC33 /* Pods.framework in Frameworks */ = {isa = PBXBuildFile; fileRef = D7A46DC0E911F3ABCA3B5312 /* Pods.framework */; };
		983679BB160D137C40C1A452 /* Pods.framework in Frameworks */ = {isa = PBXBuildFile; fileRef = D7A46DC0E911F3ABCA3B5312 /* Pods.framework */; };
		B708D30E1C9018F200FEFC37 /* HttpMockup.swift in Sources */ = {isa = PBXBuildFile; fileRef = B708D30D1C9018F200FEFC37 /* HttpMockup.swift */; };
		B708D3141C90731A00FEFC37 /* BackupManagerTest.swift in Sources */ = {isa = PBXBuildFile; fileRef = B708D3131C90731A00FEFC37 /* BackupManagerTest.swift */; };
		B73DDC1A1C9AFACE00844599 /* AutoTrackExtension.swift in Sources */ = {isa = PBXBuildFile; fileRef = B73DDC191C9AFACE00844599 /* AutoTrackExtension.swift */; };
		B760847C1CABE74600338E88 /* wt.mp4 in Resources */ = {isa = PBXBuildFile; fileRef = B760847B1CABE74600338E88 /* wt.mp4 */; };
		B773B1F31CD79CCB00B7D95D /* Media.xcassets in Resources */ = {isa = PBXBuildFile; fileRef = B773B1F21CD79CCB00B7D95D /* Media.xcassets */; };
		B78DF2141C74C730002AADDF /* DefaultConfig.xml in Resources */ = {isa = PBXBuildFile; fileRef = B78DF2121C74C730002AADDF /* DefaultConfig.xml */; };
		B78DF2151C74C730002AADDF /* DefaultConfigIncludingAndroid.xml in Resources */ = {isa = PBXBuildFile; fileRef = B78DF2131C74C730002AADDF /* DefaultConfigIncludingAndroid.xml */; };
		B792C5DF1C7B53220093DF35 /* ParameterTest.swift in Sources */ = {isa = PBXBuildFile; fileRef = B792C5DE1C7B53220093DF35 /* ParameterTest.swift */; };
		B7957BD81C6B56A200C6161D /* Webtrekk.swift in Sources */ = {isa = PBXBuildFile; fileRef = B7957BD71C6B56A200C6161D /* Webtrekk.swift */; };
		B7A7529C1C8F2BBC00AC8872 /* UIHelper.swift in Sources */ = {isa = PBXBuildFile; fileRef = B7A7529B1C8F2BBC00AC8872 /* UIHelper.swift */; };
		B7B219BB1C6CAF3300A237FF /* QueueTest.swift in Sources */ = {isa = PBXBuildFile; fileRef = B7B219BA1C6CAF3300A237FF /* QueueTest.swift */; };
		B7B3EBD51C734F43004AA6E7 /* XmlParserTest.swift in Sources */ = {isa = PBXBuildFile; fileRef = B7B3EBD41C734F43004AA6E7 /* XmlParserTest.swift */; };
		B7BBD84C1C7C572800FE4E2A /* HttpClientTest.swift in Sources */ = {isa = PBXBuildFile; fileRef = B7BBD84B1C7C572800FE4E2A /* HttpClientTest.swift */; };
		B7FB48CE1C85DAF4001D794C /* MainTestViewController.swift in Sources */ = {isa = PBXBuildFile; fileRef = B7FB48CD1C85DAF4001D794C /* MainTestViewController.swift */; };
		B7FB48D01C85E30E001D794C /* FirstTestViewController.swift in Sources */ = {isa = PBXBuildFile; fileRef = B7FB48CF1C85E30E001D794C /* FirstTestViewController.swift */; };
/* End PBXBuildFile section */

/* Begin PBXFileReference section */
		2D2ADB3DFE865C1E82E55688 /* Pods.debug.xcconfig */ = {isa = PBXFileReference; includeInIndex = 1; lastKnownFileType = text.xcconfig; name = Pods.debug.xcconfig; path = "Pods/Target Support Files/Pods/Pods.debug.xcconfig"; sourceTree = "<group>"; };
		4986830D1BE404F7001DCBC7 /* Webtrekk.app */ = {isa = PBXFileReference; explicitFileType = wrapper.application; includeInIndex = 0; path = Webtrekk.app; sourceTree = BUILT_PRODUCTS_DIR; };
		498683211BE404F7001DCBC7 /* Tests.xctest */ = {isa = PBXFileReference; explicitFileType = wrapper.cfbundle; includeInIndex = 0; path = Tests.xctest; sourceTree = BUILT_PRODUCTS_DIR; };
		498683311BE405D6001DCBC7 /* AppDelegate.swift */ = {isa = PBXFileReference; fileEncoding = 4; lastKnownFileType = sourcecode.swift; path = AppDelegate.swift; sourceTree = "<group>"; };
		498683321BE405D6001DCBC7 /* Info.plist */ = {isa = PBXFileReference; fileEncoding = 4; lastKnownFileType = text.plist.xml; path = Info.plist; sourceTree = "<group>"; };
		498683331BE405D6001DCBC7 /* LaunchScreen.storyboard */ = {isa = PBXFileReference; fileEncoding = 4; lastKnownFileType = file.storyboard; path = LaunchScreen.storyboard; sourceTree = "<group>"; };
		4986833C1BE410D0001DCBC7 /* Info.plist */ = {isa = PBXFileReference; fileEncoding = 4; lastKnownFileType = text.plist.xml; path = Info.plist; sourceTree = "<group>"; };
		B708D30D1C9018F200FEFC37 /* HttpMockup.swift */ = {isa = PBXFileReference; fileEncoding = 4; lastKnownFileType = sourcecode.swift; path = HttpMockup.swift; sourceTree = "<group>"; };
		B708D3131C90731A00FEFC37 /* BackupManagerTest.swift */ = {isa = PBXFileReference; fileEncoding = 4; lastKnownFileType = sourcecode.swift; path = BackupManagerTest.swift; sourceTree = "<group>"; };
		B73DDC191C9AFACE00844599 /* AutoTrackExtension.swift */ = {isa = PBXFileReference; fileEncoding = 4; lastKnownFileType = sourcecode.swift; path = AutoTrackExtension.swift; sourceTree = "<group>"; };
		B760847B1CABE74600338E88 /* wt.mp4 */ = {isa = PBXFileReference; lastKnownFileType = file; path = wt.mp4; sourceTree = "<group>"; };
		B773B1F21CD79CCB00B7D95D /* Media.xcassets */ = {isa = PBXFileReference; lastKnownFileType = folder.assetcatalog; path = Media.xcassets; sourceTree = "<group>"; };
		B78DF2121C74C730002AADDF /* DefaultConfig.xml */ = {isa = PBXFileReference; fileEncoding = 4; lastKnownFileType = text.xml; path = DefaultConfig.xml; sourceTree = "<group>"; };
		B78DF2131C74C730002AADDF /* DefaultConfigIncludingAndroid.xml */ = {isa = PBXFileReference; fileEncoding = 4; lastKnownFileType = text.xml; path = DefaultConfigIncludingAndroid.xml; sourceTree = "<group>"; };
		B792C5DE1C7B53220093DF35 /* ParameterTest.swift */ = {isa = PBXFileReference; fileEncoding = 4; lastKnownFileType = sourcecode.swift; path = ParameterTest.swift; sourceTree = "<group>"; };
		B7957BD71C6B56A200C6161D /* Webtrekk.swift */ = {isa = PBXFileReference; fileEncoding = 4; lastKnownFileType = sourcecode.swift; path = Webtrekk.swift; sourceTree = "<group>"; };
		B7A7529B1C8F2BBC00AC8872 /* UIHelper.swift */ = {isa = PBXFileReference; fileEncoding = 4; lastKnownFileType = sourcecode.swift; path = UIHelper.swift; sourceTree = "<group>"; };
		B7B219BA1C6CAF3300A237FF /* QueueTest.swift */ = {isa = PBXFileReference; fileEncoding = 4; lastKnownFileType = sourcecode.swift; path = QueueTest.swift; sourceTree = "<group>"; };
		B7B3EBD41C734F43004AA6E7 /* XmlParserTest.swift */ = {isa = PBXFileReference; fileEncoding = 4; lastKnownFileType = sourcecode.swift; path = XmlParserTest.swift; sourceTree = "<group>"; };
		B7BBD84B1C7C572800FE4E2A /* HttpClientTest.swift */ = {isa = PBXFileReference; fileEncoding = 4; lastKnownFileType = sourcecode.swift; path = HttpClientTest.swift; sourceTree = "<group>"; };
		B7FA63771CCE0EEB0051FD89 /* AdSupport.framework */ = {isa = PBXFileReference; lastKnownFileType = wrapper.framework; name = AdSupport.framework; path = System/Library/Frameworks/AdSupport.framework; sourceTree = SDKROOT; };
		B7FB48CD1C85DAF4001D794C /* MainTestViewController.swift */ = {isa = PBXFileReference; fileEncoding = 4; lastKnownFileType = sourcecode.swift; path = MainTestViewController.swift; sourceTree = "<group>"; };
		B7FB48CF1C85E30E001D794C /* FirstTestViewController.swift */ = {isa = PBXFileReference; fileEncoding = 4; lastKnownFileType = sourcecode.swift; path = FirstTestViewController.swift; sourceTree = "<group>"; };
		D7A46DC0E911F3ABCA3B5312 /* Pods.framework */ = {isa = PBXFileReference; explicitFileType = wrapper.framework; includeInIndex = 0; path = Pods.framework; sourceTree = BUILT_PRODUCTS_DIR; };
		F0D7EE4AEE85078DB773D5F4 /* Pods.release.xcconfig */ = {isa = PBXFileReference; includeInIndex = 1; lastKnownFileType = text.xcconfig; name = Pods.release.xcconfig; path = "Pods/Target Support Files/Pods/Pods.release.xcconfig"; sourceTree = "<group>"; };
/* End PBXFileReference section */

/* Begin PBXFrameworksBuildPhase section */
		4986830A1BE404F7001DCBC7 /* Frameworks */ = {
			isa = PBXFrameworksBuildPhase;
			buildActionMask = 2147483647;
			files = (
				70C0DB1B461E0A264A40EC33 /* Pods.framework in Frameworks */,
			);
			runOnlyForDeploymentPostprocessing = 0;
		};
		4986831E1BE404F7001DCBC7 /* Frameworks */ = {
			isa = PBXFrameworksBuildPhase;
			buildActionMask = 2147483647;
			files = (
				983679BB160D137C40C1A452 /* Pods.framework in Frameworks */,
			);
			runOnlyForDeploymentPostprocessing = 0;
		};
/* End PBXFrameworksBuildPhase section */

/* Begin PBXGroup section */
		304BFEFE0BCC9C78414A54F0 /* Frameworks */ = {
			isa = PBXGroup;
			children = (
				B7FA63771CCE0EEB0051FD89 /* AdSupport.framework */,
				D7A46DC0E911F3ABCA3B5312 /* Pods.framework */,
			);
			name = Frameworks;
			sourceTree = "<group>";
		};
		498683041BE404F7001DCBC7 = {
			isa = PBXGroup;
			children = (
				304BFEFE0BCC9C78414A54F0 /* Frameworks */,
				5374874E92828FF442681C0A /* Pods */,
				4986830E1BE404F7001DCBC7 /* Products */,
				498683301BE405D6001DCBC7 /* Sources */,
				4986833B1BE410D0001DCBC7 /* Tests */,
			);
			sourceTree = "<group>";
		};
		4986830E1BE404F7001DCBC7 /* Products */ = {
			isa = PBXGroup;
			children = (
				4986830D1BE404F7001DCBC7 /* Webtrekk.app */,
				498683211BE404F7001DCBC7 /* Tests.xctest */,
			);
			name = Products;
			sourceTree = "<group>";
		};
		498683301BE405D6001DCBC7 /* Sources */ = {
			isa = PBXGroup;
			children = (
				B760847B1CABE74600338E88 /* wt.mp4 */,
				498683311BE405D6001DCBC7 /* AppDelegate.swift */,
				498683321BE405D6001DCBC7 /* Info.plist */,
				498683331BE405D6001DCBC7 /* LaunchScreen.storyboard */,
				B7FB48CD1C85DAF4001D794C /* MainTestViewController.swift */,
				B7A7529B1C8F2BBC00AC8872 /* UIHelper.swift */,
				B7FB48CF1C85E30E001D794C /* FirstTestViewController.swift */,
				B73DDC191C9AFACE00844599 /* AutoTrackExtension.swift */,
				B773B1F21CD79CCB00B7D95D /* Media.xcassets */,
			);
			path = Sources;
			sourceTree = "<group>";
		};
		4986833B1BE410D0001DCBC7 /* Tests */ = {
			isa = PBXGroup;
			children = (
				4986833C1BE410D0001DCBC7 /* Info.plist */,
				B7957BD71C6B56A200C6161D /* Webtrekk.swift */,
				B78DF2121C74C730002AADDF /* DefaultConfig.xml */,
				B792C5DE1C7B53220093DF35 /* ParameterTest.swift */,
				B708D3131C90731A00FEFC37 /* BackupManagerTest.swift */,
				B78DF2131C74C730002AADDF /* DefaultConfigIncludingAndroid.xml */,
				B7B219BA1C6CAF3300A237FF /* QueueTest.swift */,
				B7B3EBD41C734F43004AA6E7 /* XmlParserTest.swift */,
				B7BBD84B1C7C572800FE4E2A /* HttpClientTest.swift */,
				B708D30D1C9018F200FEFC37 /* HttpMockup.swift */,
			);
			path = Tests;
			sourceTree = "<group>";
		};
		5374874E92828FF442681C0A /* Pods */ = {
			isa = PBXGroup;
			children = (
				2D2ADB3DFE865C1E82E55688 /* Pods.debug.xcconfig */,
				F0D7EE4AEE85078DB773D5F4 /* Pods.release.xcconfig */,
			);
			name = Pods;
			sourceTree = "<group>";
		};
/* End PBXGroup section */

/* Begin PBXNativeTarget section */
		4986830C1BE404F7001DCBC7 /* Project */ = {
			isa = PBXNativeTarget;
			buildConfigurationList = 4986832A1BE404F7001DCBC7 /* Build configuration list for PBXNativeTarget "Project" */;
			buildPhases = (
				CBA7A453A3BDEC68C91501E0 /* Check Pods Manifest.lock */,
				498683091BE404F7001DCBC7 /* Sources */,
				4986830A1BE404F7001DCBC7 /* Frameworks */,
				4986830B1BE404F7001DCBC7 /* Resources */,
				60583CE1E7B996195CF73236 /* Embed Pods Frameworks */,
				917FEBA3EDD77E607E116186 /* Copy Pods Resources */,
			);
			buildRules = (
			);
			dependencies = (
			);
			name = Project;
			productName = Xcode;
			productReference = 4986830D1BE404F7001DCBC7 /* Webtrekk.app */;
			productType = "com.apple.product-type.application";
		};
		498683201BE404F7001DCBC7 /* Tests */ = {
			isa = PBXNativeTarget;
			buildConfigurationList = 4986832D1BE404F7001DCBC7 /* Build configuration list for PBXNativeTarget "Tests" */;
			buildPhases = (
				5BF991E05AE5628A91C1F38E /* Check Pods Manifest.lock */,
				4986831D1BE404F7001DCBC7 /* Sources */,
				4986831E1BE404F7001DCBC7 /* Frameworks */,
				4986831F1BE404F7001DCBC7 /* Resources */,
				F62CD594ED4267D59E6193A5 /* Embed Pods Frameworks */,
				279E90B03810B13B326994B0 /* Copy Pods Resources */,
			);
			buildRules = (
			);
			dependencies = (
			);
			name = Tests;
			productName = XcodeTests;
			productReference = 498683211BE404F7001DCBC7 /* Tests.xctest */;
			productType = "com.apple.product-type.bundle.unit-test";
		};
/* End PBXNativeTarget section */

/* Begin PBXProject section */
		498683051BE404F7001DCBC7 /* Project object */ = {
			isa = PBXProject;
			attributes = {
				LastSwiftUpdateCheck = 0730;
				LastUpgradeCheck = 0710;
				ORGANIZATIONNAME = Webtrekk;
				TargetAttributes = {
					4986830C1BE404F7001DCBC7 = {
						CreatedOnToolsVersion = 7.1;
					};
					498683201BE404F7001DCBC7 = {
						CreatedOnToolsVersion = 7.1;
					};
				};
			};
			buildConfigurationList = 498683081BE404F7001DCBC7 /* Build configuration list for PBXProject "Project" */;
			compatibilityVersion = "Xcode 6.3";
			developmentRegion = English;
			hasScannedForEncodings = 0;
			knownRegions = (
				en,
				Base,
			);
			mainGroup = 498683041BE404F7001DCBC7;
			productRefGroup = 4986830E1BE404F7001DCBC7 /* Products */;
			projectDirPath = "";
			projectRoot = "";
			targets = (
				4986830C1BE404F7001DCBC7 /* Project */,
				498683201BE404F7001DCBC7 /* Tests */,
			);
		};
/* End PBXProject section */

/* Begin PBXResourcesBuildPhase section */
		4986830B1BE404F7001DCBC7 /* Resources */ = {
			isa = PBXResourcesBuildPhase;
			buildActionMask = 2147483647;
			files = (
				B760847C1CABE74600338E88 /* wt.mp4 in Resources */,
				B773B1F31CD79CCB00B7D95D /* Media.xcassets in Resources */,
				498683381BE405D6001DCBC7 /* LaunchScreen.storyboard in Resources */,
			);
			runOnlyForDeploymentPostprocessing = 0;
		};
		4986831F1BE404F7001DCBC7 /* Resources */ = {
			isa = PBXResourcesBuildPhase;
			buildActionMask = 2147483647;
			files = (
				B78DF2141C74C730002AADDF /* DefaultConfig.xml in Resources */,
				B78DF2151C74C730002AADDF /* DefaultConfigIncludingAndroid.xml in Resources */,
			);
			runOnlyForDeploymentPostprocessing = 0;
		};
/* End PBXResourcesBuildPhase section */

/* Begin PBXShellScriptBuildPhase section */
		279E90B03810B13B326994B0 /* Copy Pods Resources */ = {
			isa = PBXShellScriptBuildPhase;
			buildActionMask = 2147483647;
			files = (
			);
			inputPaths = (
			);
			name = "Copy Pods Resources";
			outputPaths = (
			);
			runOnlyForDeploymentPostprocessing = 0;
			shellPath = /bin/sh;
			shellScript = "\"${SRCROOT}/Pods/Target Support Files/Pods/Pods-resources.sh\"\n";
			showEnvVarsInLog = 0;
		};
		5BF991E05AE5628A91C1F38E /* Check Pods Manifest.lock */ = {
			isa = PBXShellScriptBuildPhase;
			buildActionMask = 2147483647;
			files = (
			);
			inputPaths = (
			);
			name = "Check Pods Manifest.lock";
			outputPaths = (
			);
			runOnlyForDeploymentPostprocessing = 0;
			shellPath = /bin/sh;
			shellScript = "diff \"${PODS_ROOT}/../Podfile.lock\" \"${PODS_ROOT}/Manifest.lock\" > /dev/null\nif [[ $? != 0 ]] ; then\n    cat << EOM\nerror: The sandbox is not in sync with the Podfile.lock. Run 'pod install' or update your CocoaPods installation.\nEOM\n    exit 1\nfi\n";
			showEnvVarsInLog = 0;
		};
		60583CE1E7B996195CF73236 /* Embed Pods Frameworks */ = {
			isa = PBXShellScriptBuildPhase;
			buildActionMask = 2147483647;
			files = (
			);
			inputPaths = (
			);
			name = "Embed Pods Frameworks";
			outputPaths = (
			);
			runOnlyForDeploymentPostprocessing = 0;
			shellPath = /bin/sh;
			shellScript = "\"${SRCROOT}/Pods/Target Support Files/Pods/Pods-frameworks.sh\"\n";
			showEnvVarsInLog = 0;
		};
		917FEBA3EDD77E607E116186 /* Copy Pods Resources */ = {
			isa = PBXShellScriptBuildPhase;
			buildActionMask = 2147483647;
			files = (
			);
			inputPaths = (
			);
			name = "Copy Pods Resources";
			outputPaths = (
			);
			runOnlyForDeploymentPostprocessing = 0;
			shellPath = /bin/sh;
			shellScript = "\"${SRCROOT}/Pods/Target Support Files/Pods/Pods-resources.sh\"\n";
			showEnvVarsInLog = 0;
		};
		CBA7A453A3BDEC68C91501E0 /* Check Pods Manifest.lock */ = {
			isa = PBXShellScriptBuildPhase;
			buildActionMask = 2147483647;
			files = (
			);
			inputPaths = (
			);
			name = "Check Pods Manifest.lock";
			outputPaths = (
			);
			runOnlyForDeploymentPostprocessing = 0;
			shellPath = /bin/sh;
			shellScript = "diff \"${PODS_ROOT}/../Podfile.lock\" \"${PODS_ROOT}/Manifest.lock\" > /dev/null\nif [[ $? != 0 ]] ; then\n    cat << EOM\nerror: The sandbox is not in sync with the Podfile.lock. Run 'pod install' or update your CocoaPods installation.\nEOM\n    exit 1\nfi\n";
			showEnvVarsInLog = 0;
		};
		F62CD594ED4267D59E6193A5 /* Embed Pods Frameworks */ = {
			isa = PBXShellScriptBuildPhase;
			buildActionMask = 2147483647;
			files = (
			);
			inputPaths = (
			);
			name = "Embed Pods Frameworks";
			outputPaths = (
			);
			runOnlyForDeploymentPostprocessing = 0;
			shellPath = /bin/sh;
			shellScript = "\"${SRCROOT}/Pods/Target Support Files/Pods/Pods-frameworks.sh\"\n";
			showEnvVarsInLog = 0;
		};
/* End PBXShellScriptBuildPhase section */

/* Begin PBXSourcesBuildPhase section */
		498683091BE404F7001DCBC7 /* Sources */ = {
			isa = PBXSourcesBuildPhase;
			buildActionMask = 2147483647;
			files = (
				498683361BE405D6001DCBC7 /* AppDelegate.swift in Sources */,
				B7FB48CE1C85DAF4001D794C /* MainTestViewController.swift in Sources */,
				B7FB48D01C85E30E001D794C /* FirstTestViewController.swift in Sources */,
				B73DDC1A1C9AFACE00844599 /* AutoTrackExtension.swift in Sources */,
				B7A7529C1C8F2BBC00AC8872 /* UIHelper.swift in Sources */,
			);
			runOnlyForDeploymentPostprocessing = 0;
		};
		4986831D1BE404F7001DCBC7 /* Sources */ = {
			isa = PBXSourcesBuildPhase;
			buildActionMask = 2147483647;
			files = (
				B7B3EBD51C734F43004AA6E7 /* XmlParserTest.swift in Sources */,
				B7957BD81C6B56A200C6161D /* Webtrekk.swift in Sources */,
				B708D30E1C9018F200FEFC37 /* HttpMockup.swift in Sources */,
				B7BBD84C1C7C572800FE4E2A /* HttpClientTest.swift in Sources */,
				B7B219BB1C6CAF3300A237FF /* QueueTest.swift in Sources */,
				B708D3141C90731A00FEFC37 /* BackupManagerTest.swift in Sources */,
				B792C5DF1C7B53220093DF35 /* ParameterTest.swift in Sources */,
			);
			runOnlyForDeploymentPostprocessing = 0;
		};
/* End PBXSourcesBuildPhase section */

/* Begin XCBuildConfiguration section */
		498683281BE404F7001DCBC7 /* Debug */ = {
			isa = XCBuildConfiguration;
			buildSettings = {
				ALWAYS_SEARCH_USER_PATHS = NO;
				CLANG_CXX_LANGUAGE_STANDARD = "gnu++0x";
				CLANG_CXX_LIBRARY = "libc++";
				CLANG_ENABLE_MODULES = YES;
				CLANG_ENABLE_OBJC_ARC = YES;
				CLANG_WARN_BOOL_CONVERSION = YES;
				CLANG_WARN_CONSTANT_CONVERSION = YES;
				CLANG_WARN_DIRECT_OBJC_ISA_USAGE = YES_ERROR;
				CLANG_WARN_EMPTY_BODY = YES;
				CLANG_WARN_ENUM_CONVERSION = YES;
				CLANG_WARN_INT_CONVERSION = YES;
				CLANG_WARN_OBJC_ROOT_CLASS = YES_ERROR;
				CLANG_WARN_UNREACHABLE_CODE = YES;
				CLANG_WARN__DUPLICATE_METHOD_MATCH = YES;
				"CODE_SIGN_IDENTITY[sdk=iphoneos*]" = "iPhone Developer";
				COPY_PHASE_STRIP = NO;
				DEBUG_INFORMATION_FORMAT = dwarf;
				ENABLE_STRICT_OBJC_MSGSEND = YES;
				ENABLE_TESTABILITY = YES;
				GCC_C_LANGUAGE_STANDARD = gnu99;
				GCC_DYNAMIC_NO_PIC = NO;
				GCC_NO_COMMON_BLOCKS = YES;
				GCC_OPTIMIZATION_LEVEL = 0;
				GCC_PREPROCESSOR_DEFINITIONS = (
					"DEBUG=1",
					"$(inherited)",
				);
				GCC_WARN_64_TO_32_BIT_CONVERSION = YES;
				GCC_WARN_ABOUT_RETURN_TYPE = YES_ERROR;
				GCC_WARN_UNDECLARED_SELECTOR = YES;
				GCC_WARN_UNINITIALIZED_AUTOS = YES_AGGRESSIVE;
				GCC_WARN_UNUSED_FUNCTION = YES;
				GCC_WARN_UNUSED_VARIABLE = YES;
				IPHONEOS_DEPLOYMENT_TARGET = 8;
				MTL_ENABLE_DEBUG_INFO = YES;
				ONLY_ACTIVE_ARCH = YES;
				SDKROOT = iphoneos;
				SWIFT_OPTIMIZATION_LEVEL = "-Onone";
			};
			name = Debug;
		};
		498683291BE404F7001DCBC7 /* Release */ = {
			isa = XCBuildConfiguration;
			buildSettings = {
				ALWAYS_SEARCH_USER_PATHS = NO;
				CLANG_CXX_LANGUAGE_STANDARD = "gnu++0x";
				CLANG_CXX_LIBRARY = "libc++";
				CLANG_ENABLE_MODULES = YES;
				CLANG_ENABLE_OBJC_ARC = YES;
				CLANG_WARN_BOOL_CONVERSION = YES;
				CLANG_WARN_CONSTANT_CONVERSION = YES;
				CLANG_WARN_DIRECT_OBJC_ISA_USAGE = YES_ERROR;
				CLANG_WARN_EMPTY_BODY = YES;
				CLANG_WARN_ENUM_CONVERSION = YES;
				CLANG_WARN_INT_CONVERSION = YES;
				CLANG_WARN_OBJC_ROOT_CLASS = YES_ERROR;
				CLANG_WARN_UNREACHABLE_CODE = YES;
				CLANG_WARN__DUPLICATE_METHOD_MATCH = YES;
				"CODE_SIGN_IDENTITY[sdk=iphoneos*]" = "iPhone Developer";
				COPY_PHASE_STRIP = NO;
				DEBUG_INFORMATION_FORMAT = "dwarf-with-dsym";
				ENABLE_NS_ASSERTIONS = NO;
				ENABLE_STRICT_OBJC_MSGSEND = YES;
				GCC_C_LANGUAGE_STANDARD = gnu99;
				GCC_NO_COMMON_BLOCKS = YES;
				GCC_PREPROCESSOR_DEFINITIONS = "";
				GCC_WARN_64_TO_32_BIT_CONVERSION = YES;
				GCC_WARN_ABOUT_RETURN_TYPE = YES_ERROR;
				GCC_WARN_UNDECLARED_SELECTOR = YES;
				GCC_WARN_UNINITIALIZED_AUTOS = YES_AGGRESSIVE;
				GCC_WARN_UNUSED_FUNCTION = YES;
				GCC_WARN_UNUSED_VARIABLE = YES;
				IPHONEOS_DEPLOYMENT_TARGET = 8;
				MTL_ENABLE_DEBUG_INFO = NO;
				SDKROOT = iphoneos;
				VALIDATE_PRODUCT = YES;
			};
			name = Release;
		};
		4986832B1BE404F7001DCBC7 /* Debug */ = {
			isa = XCBuildConfiguration;
			baseConfigurationReference = 2D2ADB3DFE865C1E82E55688 /* Pods.debug.xcconfig */;
			buildSettings = {
				INFOPLIST_FILE = Sources/Info.plist;
				LD_RUNPATH_SEARCH_PATHS = "$(inherited) @executable_path/Frameworks";
				PRODUCT_BUNDLE_IDENTIFIER = webtrekk.Project;
				PRODUCT_MODULE_NAME = Project;
				PRODUCT_NAME = Webtrekk;
				TARGETED_DEVICE_FAMILY = "1,2";
			};
			name = Debug;
		};
		4986832C1BE404F7001DCBC7 /* Release */ = {
			isa = XCBuildConfiguration;
			baseConfigurationReference = F0D7EE4AEE85078DB773D5F4 /* Pods.release.xcconfig */;
			buildSettings = {
				INFOPLIST_FILE = Sources/Info.plist;
				LD_RUNPATH_SEARCH_PATHS = "$(inherited) @executable_path/Frameworks";
				PRODUCT_BUNDLE_IDENTIFIER = webtrekk.Project;
				PRODUCT_MODULE_NAME = Project;
				PRODUCT_NAME = Webtrekk;
				TARGETED_DEVICE_FAMILY = "1,2";
			};
			name = Release;
		};
		4986832E1BE404F7001DCBC7 /* Debug */ = {
			isa = XCBuildConfiguration;
			baseConfigurationReference = 2D2ADB3DFE865C1E82E55688 /* Pods.debug.xcconfig */;
			buildSettings = {
				CLANG_ENABLE_MODULES = YES;
				INFOPLIST_FILE = Tests/Info.plist;
				LD_RUNPATH_SEARCH_PATHS = "$(inherited) @executable_path/Frameworks @loader_path/Frameworks";
				PRODUCT_BUNDLE_IDENTIFIER = webtrekk.Tests;
				PRODUCT_NAME = Tests;
				SWIFT_OPTIMIZATION_LEVEL = "-Onone";
			};
			name = Debug;
		};
		4986832F1BE404F7001DCBC7 /* Release */ = {
			isa = XCBuildConfiguration;
			baseConfigurationReference = F0D7EE4AEE85078DB773D5F4 /* Pods.release.xcconfig */;
			buildSettings = {
				CLANG_ENABLE_MODULES = YES;
				INFOPLIST_FILE = Tests/Info.plist;
				LD_RUNPATH_SEARCH_PATHS = "$(inherited) @executable_path/Frameworks @loader_path/Frameworks";
				PRODUCT_BUNDLE_IDENTIFIER = webtrekk.Tests;
				PRODUCT_NAME = Tests;
			};
			name = Release;
		};
/* End XCBuildConfiguration section */

/* Begin XCConfigurationList section */
		498683081BE404F7001DCBC7 /* Build configuration list for PBXProject "Project" */ = {
			isa = XCConfigurationList;
			buildConfigurations = (
				498683281BE404F7001DCBC7 /* Debug */,
				498683291BE404F7001DCBC7 /* Release */,
			);
			defaultConfigurationIsVisible = 0;
			defaultConfigurationName = Release;
		};
		4986832A1BE404F7001DCBC7 /* Build configuration list for PBXNativeTarget "Project" */ = {
			isa = XCConfigurationList;
			buildConfigurations = (
				4986832B1BE404F7001DCBC7 /* Debug */,
				4986832C1BE404F7001DCBC7 /* Release */,
			);
			defaultConfigurationIsVisible = 0;
			defaultConfigurationName = Release;
		};
		4986832D1BE404F7001DCBC7 /* Build configuration list for PBXNativeTarget "Tests" */ = {
			isa = XCConfigurationList;
			buildConfigurations = (
				4986832E1BE404F7001DCBC7 /* Debug */,
				4986832F1BE404F7001DCBC7 /* Release */,
			);
			defaultConfigurationIsVisible = 0;
			defaultConfigurationName = Release;
		};
/* End XCConfigurationList section */
	};
	rootObject = 498683051BE404F7001DCBC7 /* Project object */;
}
