// !$*UTF8*$!
{
	archiveVersion = 1;
	classes = {
	};
	objectVersion = 46;
	objects = {

/* Begin PBXBuildFile section */
		9FAF68A51F28B67100040B12 /* AppDelegate.swift in Sources */ = {isa = PBXBuildFile; fileRef = 9FAF68A41F28B67100040B12 /* AppDelegate.swift */; };
		9FAF68A71F28B67100040B12 /* ViewController.swift in Sources */ = {isa = PBXBuildFile; fileRef = 9FAF68A61F28B67100040B12 /* ViewController.swift */; };
		9FAF68AA1F28B67100040B12 /* Main.storyboard in Resources */ = {isa = PBXBuildFile; fileRef = 9FAF68A81F28B67100040B12 /* Main.storyboard */; };
		9FAF68AC1F28B67100040B12 /* Assets.xcassets in Resources */ = {isa = PBXBuildFile; fileRef = 9FAF68AB1F28B67100040B12 /* Assets.xcassets */; };
		9FAF68AF1F28B67100040B12 /* LaunchScreen.storyboard in Resources */ = {isa = PBXBuildFile; fileRef = 9FAF68AD1F28B67100040B12 /* LaunchScreen.storyboard */; };
		9FAF68BA1F28B67100040B12 /* CarthageTestUITests.swift in Sources */ = {isa = PBXBuildFile; fileRef = 9FAF68B91F28B67100040B12 /* CarthageTestUITests.swift */; };
		9FAF68C71F28BA9700040B12 /* Webtrekk.framework in Frameworks */ = {isa = PBXBuildFile; fileRef = 9FAF68C61F28BA9700040B12 /* Webtrekk.framework */; settings = {ATTRIBUTES = (Required, ); }; };
		9FAF68C91F28BAD700040B12 /* webtrekk_config.xml in Resources */ = {isa = PBXBuildFile; fileRef = 9FAF68C81F28BAD700040B12 /* webtrekk_config.xml */; };
		9FAF68CE1F28BC9F00040B12 /* Reachability.framework in Frameworks */ = {isa = PBXBuildFile; fileRef = 9FAF68CA1F28BBAF00040B12 /* Reachability.framework */; };
		9FAF68CF1F28BCE100040B12 /* CryptoSwift.framework in Frameworks */ = {isa = PBXBuildFile; fileRef = 9FAF68CC1F28BC5300040B12 /* CryptoSwift.framework */; };
/* End PBXBuildFile section */

/* Begin PBXContainerItemProxy section */
		9FAF68B61F28B67100040B12 /* PBXContainerItemProxy */ = {
			isa = PBXContainerItemProxy;
			containerPortal = 9FAF68991F28B67100040B12 /* Project object */;
			proxyType = 1;
			remoteGlobalIDString = 9FAF68A01F28B67100040B12;
			remoteInfo = CarthageTest;
		};
/* End PBXContainerItemProxy section */

/* Begin PBXFileReference section */
		9FAF68A11F28B67100040B12 /* CarthageTest.app */ = {isa = PBXFileReference; explicitFileType = wrapper.application; includeInIndex = 0; path = CarthageTest.app; sourceTree = BUILT_PRODUCTS_DIR; };
		9FAF68A41F28B67100040B12 /* AppDelegate.swift */ = {isa = PBXFileReference; lastKnownFileType = sourcecode.swift; path = AppDelegate.swift; sourceTree = "<group>"; };
		9FAF68A61F28B67100040B12 /* ViewController.swift */ = {isa = PBXFileReference; lastKnownFileType = sourcecode.swift; path = ViewController.swift; sourceTree = "<group>"; };
		9FAF68A91F28B67100040B12 /* Base */ = {isa = PBXFileReference; lastKnownFileType = file.storyboard; name = Base; path = Base.lproj/Main.storyboard; sourceTree = "<group>"; };
		9FAF68AB1F28B67100040B12 /* Assets.xcassets */ = {isa = PBXFileReference; lastKnownFileType = folder.assetcatalog; path = Assets.xcassets; sourceTree = "<group>"; };
		9FAF68AE1F28B67100040B12 /* Base */ = {isa = PBXFileReference; lastKnownFileType = file.storyboard; name = Base; path = Base.lproj/LaunchScreen.storyboard; sourceTree = "<group>"; };
		9FAF68B01F28B67100040B12 /* Info.plist */ = {isa = PBXFileReference; lastKnownFileType = text.plist.xml; path = Info.plist; sourceTree = "<group>"; };
		9FAF68B51F28B67100040B12 /* CarthageTestUITests.xctest */ = {isa = PBXFileReference; explicitFileType = wrapper.cfbundle; includeInIndex = 0; path = CarthageTestUITests.xctest; sourceTree = BUILT_PRODUCTS_DIR; };
		9FAF68B91F28B67100040B12 /* CarthageTestUITests.swift */ = {isa = PBXFileReference; lastKnownFileType = sourcecode.swift; path = CarthageTestUITests.swift; sourceTree = "<group>"; };
		9FAF68BB1F28B67100040B12 /* Info.plist */ = {isa = PBXFileReference; lastKnownFileType = text.plist.xml; path = Info.plist; sourceTree = "<group>"; };
		9FAF68C61F28BA9700040B12 /* Webtrekk.framework */ = {isa = PBXFileReference; lastKnownFileType = wrapper.framework; name = Webtrekk.framework; path = Carthage/Build/iOS/Webtrekk.framework; sourceTree = "<group>"; };
		9FAF68C81F28BAD700040B12 /* webtrekk_config.xml */ = {isa = PBXFileReference; fileEncoding = 4; lastKnownFileType = text.xml; path = webtrekk_config.xml; sourceTree = "<group>"; };
		9FAF68CA1F28BBAF00040B12 /* Reachability.framework */ = {isa = PBXFileReference; lastKnownFileType = wrapper.framework; name = Reachability.framework; path = Carthage/Build/iOS/Reachability.framework; sourceTree = "<group>"; };
		9FAF68CC1F28BC5300040B12 /* CryptoSwift.framework */ = {isa = PBXFileReference; lastKnownFileType = wrapper.framework; name = CryptoSwift.framework; path = Carthage/Build/iOS/CryptoSwift.framework; sourceTree = "<group>"; };
/* End PBXFileReference section */

/* Begin PBXFrameworksBuildPhase section */
		9FAF689E1F28B67100040B12 /* Frameworks */ = {
			isa = PBXFrameworksBuildPhase;
			buildActionMask = 2147483647;
			files = (
				9FAF68C71F28BA9700040B12 /* Webtrekk.framework in Frameworks */,
				9FAF68CE1F28BC9F00040B12 /* Reachability.framework in Frameworks */,
				9FAF68CF1F28BCE100040B12 /* CryptoSwift.framework in Frameworks */,
			);
			runOnlyForDeploymentPostprocessing = 0;
		};
		9FAF68B21F28B67100040B12 /* Frameworks */ = {
			isa = PBXFrameworksBuildPhase;
			buildActionMask = 2147483647;
			files = (
			);
			runOnlyForDeploymentPostprocessing = 0;
		};
/* End PBXFrameworksBuildPhase section */

/* Begin PBXGroup section */
		9FAF68981F28B67100040B12 = {
			isa = PBXGroup;
			children = (
				9FAF68A31F28B67100040B12 /* CarthageTest */,
				9FAF68B81F28B67100040B12 /* CarthageTestUITests */,
				9FAF68A21F28B67100040B12 /* Products */,
				9FAF68C51F28BA9700040B12 /* Frameworks */,
			);
			sourceTree = "<group>";
		};
		9FAF68A21F28B67100040B12 /* Products */ = {
			isa = PBXGroup;
			children = (
				9FAF68A11F28B67100040B12 /* CarthageTest.app */,
				9FAF68B51F28B67100040B12 /* CarthageTestUITests.xctest */,
			);
			name = Products;
			sourceTree = "<group>";
		};
		9FAF68A31F28B67100040B12 /* CarthageTest */ = {
			isa = PBXGroup;
			children = (
				9FAF68A41F28B67100040B12 /* AppDelegate.swift */,
				9FAF68A61F28B67100040B12 /* ViewController.swift */,
				9FAF68A81F28B67100040B12 /* Main.storyboard */,
				9FAF68AB1F28B67100040B12 /* Assets.xcassets */,
				9FAF68AD1F28B67100040B12 /* LaunchScreen.storyboard */,
				9FAF68B01F28B67100040B12 /* Info.plist */,
				9FAF68C81F28BAD700040B12 /* webtrekk_config.xml */,
			);
			path = CarthageTest;
			sourceTree = "<group>";
		};
		9FAF68B81F28B67100040B12 /* CarthageTestUITests */ = {
			isa = PBXGroup;
			children = (
				9FAF68B91F28B67100040B12 /* CarthageTestUITests.swift */,
				9FAF68BB1F28B67100040B12 /* Info.plist */,
			);
			path = CarthageTestUITests;
			sourceTree = "<group>";
		};
		9FAF68C51F28BA9700040B12 /* Frameworks */ = {
			isa = PBXGroup;
			children = (
				9FAF68CC1F28BC5300040B12 /* CryptoSwift.framework */,
				9FAF68CA1F28BBAF00040B12 /* Reachability.framework */,
				9FAF68C61F28BA9700040B12 /* Webtrekk.framework */,
			);
			name = Frameworks;
			sourceTree = "<group>";
		};
/* End PBXGroup section */

/* Begin PBXNativeTarget section */
		9FAF68A01F28B67100040B12 /* CarthageTest */ = {
			isa = PBXNativeTarget;
			buildConfigurationList = 9FAF68BE1F28B67100040B12 /* Build configuration list for PBXNativeTarget "CarthageTest" */;
			buildPhases = (
				9FAF689D1F28B67100040B12 /* Sources */,
				9FAF689E1F28B67100040B12 /* Frameworks */,
				9FAF689F1F28B67100040B12 /* Resources */,
				9FAF68C41F28B7B200040B12 /* Carthage */,
			);
			buildRules = (
			);
			dependencies = (
			);
			name = CarthageTest;
			productName = CarthageTest;
			productReference = 9FAF68A11F28B67100040B12 /* CarthageTest.app */;
			productType = "com.apple.product-type.application";
		};
		9FAF68B41F28B67100040B12 /* CarthageTestUITests */ = {
			isa = PBXNativeTarget;
			buildConfigurationList = 9FAF68C11F28B67100040B12 /* Build configuration list for PBXNativeTarget "CarthageTestUITests" */;
			buildPhases = (
				9FAF68B11F28B67100040B12 /* Sources */,
				9FAF68B21F28B67100040B12 /* Frameworks */,
				9FAF68B31F28B67100040B12 /* Resources */,
			);
			buildRules = (
			);
			dependencies = (
				9FAF68B71F28B67100040B12 /* PBXTargetDependency */,
			);
			name = CarthageTestUITests;
			productName = CarthageTestUITests;
			productReference = 9FAF68B51F28B67100040B12 /* CarthageTestUITests.xctest */;
			productType = "com.apple.product-type.bundle.ui-testing";
		};
/* End PBXNativeTarget section */

/* Begin PBXProject section */
		9FAF68991F28B67100040B12 /* Project object */ = {
			isa = PBXProject;
			attributes = {
				LastSwiftUpdateCheck = 0830;
				LastUpgradeCheck = 0830;
				ORGANIZATIONNAME = Webtrekk;
				TargetAttributes = {
					9FAF68A01F28B67100040B12 = {
						CreatedOnToolsVersion = 8.3.3;
						DevelopmentTeam = 8JS62GK93M;
						ProvisioningStyle = Automatic;
					};
					9FAF68B41F28B67100040B12 = {
						CreatedOnToolsVersion = 8.3.3;
						DevelopmentTeam = 8JS62GK93M;
						ProvisioningStyle = Automatic;
						TestTargetID = 9FAF68A01F28B67100040B12;
					};
				};
			};
			buildConfigurationList = 9FAF689C1F28B67100040B12 /* Build configuration list for PBXProject "CarthageTest" */;
			compatibilityVersion = "Xcode 3.2";
			developmentRegion = English;
			hasScannedForEncodings = 0;
			knownRegions = (
				en,
				Base,
			);
			mainGroup = 9FAF68981F28B67100040B12;
			productRefGroup = 9FAF68A21F28B67100040B12 /* Products */;
			projectDirPath = "";
			projectRoot = "";
			targets = (
				9FAF68A01F28B67100040B12 /* CarthageTest */,
				9FAF68B41F28B67100040B12 /* CarthageTestUITests */,
			);
		};
/* End PBXProject section */

/* Begin PBXResourcesBuildPhase section */
		9FAF689F1F28B67100040B12 /* Resources */ = {
			isa = PBXResourcesBuildPhase;
			buildActionMask = 2147483647;
			files = (
				9FAF68AF1F28B67100040B12 /* LaunchScreen.storyboard in Resources */,
				9FAF68AC1F28B67100040B12 /* Assets.xcassets in Resources */,
				9FAF68C91F28BAD700040B12 /* webtrekk_config.xml in Resources */,
				9FAF68AA1F28B67100040B12 /* Main.storyboard in Resources */,
			);
			runOnlyForDeploymentPostprocessing = 0;
		};
		9FAF68B31F28B67100040B12 /* Resources */ = {
			isa = PBXResourcesBuildPhase;
			buildActionMask = 2147483647;
			files = (
			);
			runOnlyForDeploymentPostprocessing = 0;
		};
/* End PBXResourcesBuildPhase section */

/* Begin PBXShellScriptBuildPhase section */
		9FAF68C41F28B7B200040B12 /* Carthage */ = {
			isa = PBXShellScriptBuildPhase;
			buildActionMask = 2147483647;
			files = (
			);
			inputPaths = (
				"$(SRCROOT)/Carthage/Build/iOS/Webtrekk.framework",
				"$(SRCROOT)/Carthage/Build/iOS/Reachability.framework",
				"$(SRCROOT)/Carthage/Build/iOS/CryptoSwift.framework",
			);
			name = Carthage;
			outputPaths = (
			);
			runOnlyForDeploymentPostprocessing = 0;
			shellPath = /bin/sh;
			shellScript = "/usr/local/bin/carthage copy-frameworks";
		};
/* End PBXShellScriptBuildPhase section */

/* Begin PBXSourcesBuildPhase section */
		9FAF689D1F28B67100040B12 /* Sources */ = {
			isa = PBXSourcesBuildPhase;
			buildActionMask = 2147483647;
			files = (
				9FAF68A71F28B67100040B12 /* ViewController.swift in Sources */,
				9FAF68A51F28B67100040B12 /* AppDelegate.swift in Sources */,
			);
			runOnlyForDeploymentPostprocessing = 0;
		};
		9FAF68B11F28B67100040B12 /* Sources */ = {
			isa = PBXSourcesBuildPhase;
			buildActionMask = 2147483647;
			files = (
				9FAF68BA1F28B67100040B12 /* CarthageTestUITests.swift in Sources */,
			);
			runOnlyForDeploymentPostprocessing = 0;
		};
/* End PBXSourcesBuildPhase section */

/* Begin PBXTargetDependency section */
		9FAF68B71F28B67100040B12 /* PBXTargetDependency */ = {
			isa = PBXTargetDependency;
			target = 9FAF68A01F28B67100040B12 /* CarthageTest */;
			targetProxy = 9FAF68B61F28B67100040B12 /* PBXContainerItemProxy */;
		};
/* End PBXTargetDependency section */

/* Begin PBXVariantGroup section */
		9FAF68A81F28B67100040B12 /* Main.storyboard */ = {
			isa = PBXVariantGroup;
			children = (
				9FAF68A91F28B67100040B12 /* Base */,
			);
			name = Main.storyboard;
			sourceTree = "<group>";
		};
		9FAF68AD1F28B67100040B12 /* LaunchScreen.storyboard */ = {
			isa = PBXVariantGroup;
			children = (
				9FAF68AE1F28B67100040B12 /* Base */,
			);
			name = LaunchScreen.storyboard;
			sourceTree = "<group>";
		};
/* End PBXVariantGroup section */

/* Begin XCBuildConfiguration section */
		9FAF68BC1F28B67100040B12 /* Debug */ = {
			isa = XCBuildConfiguration;
			buildSettings = {
				ALWAYS_SEARCH_USER_PATHS = NO;
				CLANG_ANALYZER_NONNULL = YES;
				CLANG_ANALYZER_NUMBER_OBJECT_CONVERSION = YES_AGGRESSIVE;
				CLANG_CXX_LANGUAGE_STANDARD = "gnu++0x";
				CLANG_CXX_LIBRARY = "libc++";
				CLANG_ENABLE_MODULES = YES;
				CLANG_ENABLE_OBJC_ARC = YES;
				CLANG_WARN_BOOL_CONVERSION = YES;
				CLANG_WARN_CONSTANT_CONVERSION = YES;
				CLANG_WARN_DIRECT_OBJC_ISA_USAGE = YES_ERROR;
				CLANG_WARN_DOCUMENTATION_COMMENTS = YES;
				CLANG_WARN_EMPTY_BODY = YES;
				CLANG_WARN_ENUM_CONVERSION = YES;
				CLANG_WARN_INFINITE_RECURSION = YES;
				CLANG_WARN_INT_CONVERSION = YES;
				CLANG_WARN_OBJC_ROOT_CLASS = YES_ERROR;
				CLANG_WARN_SUSPICIOUS_MOVE = YES;
				CLANG_WARN_UNREACHABLE_CODE = YES;
				CLANG_WARN__DUPLICATE_METHOD_MATCH = YES;
				"CODE_SIGN_IDENTITY[sdk=iphoneos*]" = "iPhone Developer";
				COPY_PHASE_STRIP = NO;
				DEBUG_INFORMATION_FORMAT = dwarf;
				ENABLE_STRICT_OBJC_MSGSEND = YES;
				ENABLE_TESTABILITY = YES;
				GCC_C_LANGUAGE_STANDARD = gnu99;
				GCC_DYNAMIC_NO_PIC = NO;
				GCC_NO_COMMON_BLOCKS = YES;
				GCC_OPTIMIZATION_LEVEL = 0;
				GCC_PREPROCESSOR_DEFINITIONS = (
					"DEBUG=1",
					"$(inherited)",
				);
				GCC_WARN_64_TO_32_BIT_CONVERSION = YES;
				GCC_WARN_ABOUT_RETURN_TYPE = YES_ERROR;
				GCC_WARN_UNDECLARED_SELECTOR = YES;
				GCC_WARN_UNINITIALIZED_AUTOS = YES_AGGRESSIVE;
				GCC_WARN_UNUSED_FUNCTION = YES;
				GCC_WARN_UNUSED_VARIABLE = YES;
				IPHONEOS_DEPLOYMENT_TARGET = 10.3;
				MTL_ENABLE_DEBUG_INFO = YES;
				ONLY_ACTIVE_ARCH = YES;
				SDKROOT = iphoneos;
				SWIFT_ACTIVE_COMPILATION_CONDITIONS = DEBUG;
				SWIFT_OPTIMIZATION_LEVEL = "-Onone";
			};
			name = Debug;
		};
		9FAF68BD1F28B67100040B12 /* Release */ = {
			isa = XCBuildConfiguration;
			buildSettings = {
				ALWAYS_SEARCH_USER_PATHS = NO;
				CLANG_ANALYZER_NONNULL = YES;
				CLANG_ANALYZER_NUMBER_OBJECT_CONVERSION = YES_AGGRESSIVE;
				CLANG_CXX_LANGUAGE_STANDARD = "gnu++0x";
				CLANG_CXX_LIBRARY = "libc++";
				CLANG_ENABLE_MODULES = YES;
				CLANG_ENABLE_OBJC_ARC = YES;
				CLANG_WARN_BOOL_CONVERSION = YES;
				CLANG_WARN_CONSTANT_CONVERSION = YES;
				CLANG_WARN_DIRECT_OBJC_ISA_USAGE = YES_ERROR;
				CLANG_WARN_DOCUMENTATION_COMMENTS = YES;
				CLANG_WARN_EMPTY_BODY = YES;
				CLANG_WARN_ENUM_CONVERSION = YES;
				CLANG_WARN_INFINITE_RECURSION = YES;
				CLANG_WARN_INT_CONVERSION = YES;
				CLANG_WARN_OBJC_ROOT_CLASS = YES_ERROR;
				CLANG_WARN_SUSPICIOUS_MOVE = YES;
				CLANG_WARN_UNREACHABLE_CODE = YES;
				CLANG_WARN__DUPLICATE_METHOD_MATCH = YES;
				"CODE_SIGN_IDENTITY[sdk=iphoneos*]" = "iPhone Developer";
				COPY_PHASE_STRIP = NO;
				DEBUG_INFORMATION_FORMAT = "dwarf-with-dsym";
				ENABLE_NS_ASSERTIONS = NO;
				ENABLE_STRICT_OBJC_MSGSEND = YES;
				GCC_C_LANGUAGE_STANDARD = gnu99;
				GCC_NO_COMMON_BLOCKS = YES;
				GCC_WARN_64_TO_32_BIT_CONVERSION = YES;
				GCC_WARN_ABOUT_RETURN_TYPE = YES_ERROR;
				GCC_WARN_UNDECLARED_SELECTOR = YES;
				GCC_WARN_UNINITIALIZED_AUTOS = YES_AGGRESSIVE;
				GCC_WARN_UNUSED_FUNCTION = YES;
				GCC_WARN_UNUSED_VARIABLE = YES;
				IPHONEOS_DEPLOYMENT_TARGET = 10.3;
				MTL_ENABLE_DEBUG_INFO = NO;
				SDKROOT = iphoneos;
				SWIFT_OPTIMIZATION_LEVEL = "-Owholemodule";
				VALIDATE_PRODUCT = YES;
			};
			name = Release;
		};
		9FAF68BF1F28B67100040B12 /* Debug */ = {
			isa = XCBuildConfiguration;
			buildSettings = {
				ASSETCATALOG_COMPILER_APPICON_NAME = AppIcon;
				DEVELOPMENT_TEAM = 8JS62GK93M;
				FRAMEWORK_SEARCH_PATHS = (
					"$(inherited)",
					"$(PROJECT_DIR)/Carthage/Build/iOS",
				);
				INFOPLIST_FILE = CarthageTest/Info.plist;
				LD_RUNPATH_SEARCH_PATHS = "$(inherited) @executable_path/Frameworks";
				PRODUCT_BUNDLE_IDENTIFIER = com.Webtrekk.CarthageTest;
				PRODUCT_NAME = "$(TARGET_NAME)";
				SWIFT_VERSION = 3.0;
			};
			name = Debug;
		};
		9FAF68C01F28B67100040B12 /* Release */ = {
			isa = XCBuildConfiguration;
			buildSettings = {
				ASSETCATALOG_COMPILER_APPICON_NAME = AppIcon;
				DEVELOPMENT_TEAM = 8JS62GK93M;
				FRAMEWORK_SEARCH_PATHS = (
					"$(inherited)",
					"$(PROJECT_DIR)/Carthage/Build/iOS",
				);
				INFOPLIST_FILE = CarthageTest/Info.plist;
				LD_RUNPATH_SEARCH_PATHS = "$(inherited) @executable_path/Frameworks";
				PRODUCT_BUNDLE_IDENTIFIER = com.Webtrekk.CarthageTest;
				PRODUCT_NAME = "$(TARGET_NAME)";
				SWIFT_VERSION = 3.0;
			};
			name = Release;
		};
		9FAF68C21F28B67100040B12 /* Debug */ = {
			isa = XCBuildConfiguration;
			buildSettings = {
				ALWAYS_EMBED_SWIFT_STANDARD_LIBRARIES = YES;
				DEVELOPMENT_TEAM = 8JS62GK93M;
				INFOPLIST_FILE = CarthageTestUITests/Info.plist;
				LD_RUNPATH_SEARCH_PATHS = "$(inherited) @executable_path/Frameworks @loader_path/Frameworks";
				PRODUCT_BUNDLE_IDENTIFIER = com.Webtrekk.CarthageTestUITests;
				PRODUCT_NAME = "$(TARGET_NAME)";
				SWIFT_VERSION = 3.0;
				TEST_TARGET_NAME = CarthageTest;
			};
			name = Debug;
		};
		9FAF68C31F28B67100040B12 /* Release */ = {
			isa = XCBuildConfiguration;
			buildSettings = {
				ALWAYS_EMBED_SWIFT_STANDARD_LIBRARIES = YES;
				DEVELOPMENT_TEAM = 8JS62GK93M;
				INFOPLIST_FILE = CarthageTestUITests/Info.plist;
				LD_RUNPATH_SEARCH_PATHS = "$(inherited) @executable_path/Frameworks @loader_path/Frameworks";
				PRODUCT_BUNDLE_IDENTIFIER = com.Webtrekk.CarthageTestUITests;
				PRODUCT_NAME = "$(TARGET_NAME)";
				SWIFT_VERSION = 3.0;
				TEST_TARGET_NAME = CarthageTest;
			};
			name = Release;
		};
/* End XCBuildConfiguration section */

/* Begin XCConfigurationList section */
		9FAF689C1F28B67100040B12 /* Build configuration list for PBXProject "CarthageTest" */ = {
			isa = XCConfigurationList;
			buildConfigurations = (
				9FAF68BC1F28B67100040B12 /* Debug */,
				9FAF68BD1F28B67100040B12 /* Release */,
			);
			defaultConfigurationIsVisible = 0;
			defaultConfigurationName = Release;
		};
		9FAF68BE1F28B67100040B12 /* Build configuration list for PBXNativeTarget "CarthageTest" */ = {
			isa = XCConfigurationList;
			buildConfigurations = (
				9FAF68BF1F28B67100040B12 /* Debug */,
				9FAF68C01F28B67100040B12 /* Release */,
			);
			defaultConfigurationIsVisible = 0;
		};
		9FAF68C11F28B67100040B12 /* Build configuration list for PBXNativeTarget "CarthageTestUITests" */ = {
			isa = XCConfigurationList;
			buildConfigurations = (
				9FAF68C21F28B67100040B12 /* Debug */,
				9FAF68C31F28B67100040B12 /* Release */,
			);
			defaultConfigurationIsVisible = 0;
		};
/* End XCConfigurationList section */
	};
	rootObject = 9FAF68991F28B67100040B12 /* Project object */;
}
