PODS:
  - CryptoSwift (0.4)
  - ReachabilitySwift (2.3.3)
  - SWXMLHash (2.1.0)
  - Webtrekk (0.0.1)

DEPENDENCIES:
  - CryptoSwift
  - ReachabilitySwift (~> 2.3.3)
  - SWXMLHash (~> 2.1.0)
  - Webtrekk (from `..`)

EXTERNAL SOURCES:
  Webtrekk:
    :path: ".."

SPEC CHECKSUMS:
  CryptoSwift: 584eac7d00b2f497fe7b20de271b8c0c52fff844
  ReachabilitySwift: e0f6b6f280effb47731acfaaa2d5ffe223703793
  SWXMLHash: 7257a358b3ab2f7a209e0b4e4cf552e8b6df5f0f
  Webtrekk: 4b2c5d815145e1432f9f33df7430ab164a8effa9

COCOAPODS: 0.39.0
