PODS:
  - SWXMLHash (2.1.0)
  - Webtrekk (0.0.1)

DEPENDENCIES:
  - SWXMLHash (~> 2.1.0)
  - Webtrekk (from `..`)

EXTERNAL SOURCES:
  Webtrekk:
    :path: ".."

SPEC CHECKSUMS:
  SWXMLHash: 7257a358b3ab2f7a209e0b4e4cf552e8b6df5f0f
  Webtrekk: 3e4e7227ad97703a686ccd11d7a36dd4a864f057

COCOAPODS: 0.39.0
